
Microsoft Visual Studio Solution File, Format Version 12.00
# Visual Studio Version 18
VisualStudioVersion = 18.4.11612.150
MinimumVisualStudioVersion = 10.0.40219.1
Project("{FAE04EC0-301F-11D3-BF4B-00C04F79EFBC}") = "Accounting_of_goods", "Accounting_of_goods\Accounting_of_goods.csproj", "{6591D796-797E-4A55-B976-E214641782C0}"
EndProject
Project("{FAE04EC0-301F-11D3-BF4B-00C04F79EFBC}") = "Accounting_of_goodsTests", "Tests\Accounting_of_goodsTests.csproj", "{23B5747E-4762-42E6-BD97-6E4A5B5664D5}"
EndProject
Global
	GlobalSection(SolutionConfigurationPlatforms) = preSolution
		Debug|Any CPU = Debug|Any CPU
		Release|Any CPU = Release|Any CPU
	EndGlobalSection
	GlobalSection(ProjectConfigurationPlatforms) = postSolution
		{6591D796-797E-4A55-B976-E214641782C0}.Debug|Any CPU.ActiveCfg = Debug|Any CPU
		{6591D796-797E-4A55-B976-E214641782C0}.Debug|Any CPU.Build.0 = Debug|Any CPU
		{6591D796-797E-4A55-B976-E214641782C0}.Release|Any CPU.ActiveCfg = Release|Any CPU
		{6591D796-797E-4A55-B976-E214641782C0}.Release|Any CPU.Build.0 = Release|Any CPU
		{23B5747E-4762-42E6-BD97-6E4A5B5664D5}.Debug|Any CPU.ActiveCfg = Debug|Any CPU
		{23B5747E-4762-42E6-BD97-6E4A5B5664D5}.Debug|Any CPU.Build.0 = Debug|Any CPU
		{23B5747E-4762-42E6-BD97-6E4A5B5664D5}.Release|Any CPU.ActiveCfg = Release|Any CPU
		{23B5747E-4762-42E6-BD97-6E4A5B5664D5}.Release|Any CPU.Build.0 = Release|Any CPU
	EndGlobalSection
	GlobalSection(SolutionProperties) = preSolution
		HideSolutionNode = FALSE
	EndGlobalSection
	GlobalSection(ExtensibilityGlobals) = postSolution
		SolutionGuid = {32DDED65-5FD2-4568-BEB0-C73658EDBA7F}
	EndGlobalSection
EndGlobal
